{"filter":false,"title":"package-lock.json","tooltip":"/my-markdown-previewer/package-lock.json","undoManager":{"mark":-1,"position":-1,"stack":[]},"ace":{"folds":[],"scrolltop":3420,"scrollleft":0,"selection":{"start":{"row":0,"column":0},"end":{"row":0,"column":0},"isBackwards":false},"options":{"guessTabSize":true,"useWrapMode":false,"wrapToView":true},"firstLineState":{"row":212,"state":"start","mode":"ace/mode/json"}},"timestamp":1580895762872,"hash":"5762204464d3e5b28b966c2b3b3a6c18371238ad"}